
Microsoft Visual Studio Solution File, Format Version 12.00
# Visual Studio Version 16
VisualStudioVersion = 16.0.30204.135
MinimumVisualStudioVersion = 10.0.40219.1
Project("{9A19103F-16F7-4668-BE54-9A1E7A4F7556}") = "ImageUploadAPI", "ImageUploadAPI\ImageUploadAPI.csproj", "{E5C80573-D568-4D7B-8ADC-2052BD7227C6}"
EndProject
Project("{9A19103F-16F7-4668-BE54-9A1E7A4F7556}") = "TestMessageAPI", "TestMessageAPI\TestMessageAPI.csproj", "{9939BEAC-B88A-4CAB-ADC1-8ED420A6AD84}"
EndProject
Project("{9A19103F-16F7-4668-BE54-9A1E7A4F7556}") = "aliyunSmsAPI", "aliyunSmsAPI\aliyunSmsAPI.csproj", "{459FB82F-CB11-4CBF-9AA9-160E6CFCD2C1}"
EndProject
Project("{FAE04EC0-301F-11D3-BF4B-00C04F79EFBC}") = "VideoUpload", "VideoUpload\VideoUpload.csproj", "{A6E2EF85-6D4B-4E7C-912C-4052C071FA01}"
EndProject
Project("{FAE04EC0-301F-11D3-BF4B-00C04F79EFBC}") = "QuartzTest", "QuartzTest\QuartzTest.csproj", "{422D19C1-F72F-4E15-B38E-463C0AD7DAD2}"
EndProject
Global
	GlobalSection(SolutionConfigurationPlatforms) = preSolution
		Debug|Any CPU = Debug|Any CPU
		Release|Any CPU = Release|Any CPU
	EndGlobalSection
	GlobalSection(ProjectConfigurationPlatforms) = postSolution
		{E5C80573-D568-4D7B-8ADC-2052BD7227C6}.Debug|Any CPU.ActiveCfg = Debug|Any CPU
		{E5C80573-D568-4D7B-8ADC-2052BD7227C6}.Debug|Any CPU.Build.0 = Debug|Any CPU
		{E5C80573-D568-4D7B-8ADC-2052BD7227C6}.Release|Any CPU.ActiveCfg = Release|Any CPU
		{E5C80573-D568-4D7B-8ADC-2052BD7227C6}.Release|Any CPU.Build.0 = Release|Any CPU
		{9939BEAC-B88A-4CAB-ADC1-8ED420A6AD84}.Debug|Any CPU.ActiveCfg = Debug|Any CPU
		{9939BEAC-B88A-4CAB-ADC1-8ED420A6AD84}.Debug|Any CPU.Build.0 = Debug|Any CPU
		{9939BEAC-B88A-4CAB-ADC1-8ED420A6AD84}.Release|Any CPU.ActiveCfg = Release|Any CPU
		{9939BEAC-B88A-4CAB-ADC1-8ED420A6AD84}.Release|Any CPU.Build.0 = Release|Any CPU
		{459FB82F-CB11-4CBF-9AA9-160E6CFCD2C1}.Debug|Any CPU.ActiveCfg = Debug|Any CPU
		{459FB82F-CB11-4CBF-9AA9-160E6CFCD2C1}.Debug|Any CPU.Build.0 = Debug|Any CPU
		{459FB82F-CB11-4CBF-9AA9-160E6CFCD2C1}.Release|Any CPU.ActiveCfg = Release|Any CPU
		{459FB82F-CB11-4CBF-9AA9-160E6CFCD2C1}.Release|Any CPU.Build.0 = Release|Any CPU
		{A6E2EF85-6D4B-4E7C-912C-4052C071FA01}.Debug|Any CPU.ActiveCfg = Debug|Any CPU
		{A6E2EF85-6D4B-4E7C-912C-4052C071FA01}.Debug|Any CPU.Build.0 = Debug|Any CPU
		{A6E2EF85-6D4B-4E7C-912C-4052C071FA01}.Release|Any CPU.ActiveCfg = Release|Any CPU
		{A6E2EF85-6D4B-4E7C-912C-4052C071FA01}.Release|Any CPU.Build.0 = Release|Any CPU
		{422D19C1-F72F-4E15-B38E-463C0AD7DAD2}.Debug|Any CPU.ActiveCfg = Debug|Any CPU
		{422D19C1-F72F-4E15-B38E-463C0AD7DAD2}.Debug|Any CPU.Build.0 = Debug|Any CPU
		{422D19C1-F72F-4E15-B38E-463C0AD7DAD2}.Release|Any CPU.ActiveCfg = Release|Any CPU
		{422D19C1-F72F-4E15-B38E-463C0AD7DAD2}.Release|Any CPU.Build.0 = Release|Any CPU
	EndGlobalSection
	GlobalSection(SolutionProperties) = preSolution
		HideSolutionNode = FALSE
	EndGlobalSection
	GlobalSection(ExtensibilityGlobals) = postSolution
		SolutionGuid = {0A382C9D-AB1C-4435-B203-4DF60660B50E}
	EndGlobalSection
EndGlobal
